
Microsoft Visual Studio Solution File, Format Version 12.00
# Visual Studio Version 17
VisualStudioVersion = 17.7.34031.279
MinimumVisualStudioVersion = 10.0.40219.1
Project("{FAE04EC0-301F-11D3-BF4B-00C04F79EFBC}") = "Perfection", "Perfection.csproj", "{FFF7AA14-59F8-4FEA-B285-FE9C5CE9D29B}"
EndProject
Global
	GlobalSection(SolutionConfigurationPlatforms) = preSolution
		Debug|Any CPU = Debug|Any CPU
		Release|Any CPU = Release|Any CPU
	EndGlobalSection
	GlobalSection(ProjectConfigurationPlatforms) = postSolution
		{FFF7AA14-59F8-4FEA-B285-FE9C5CE9D29B}.Debug|Any CPU.ActiveCfg = Debug|Any CPU
		{FFF7AA14-59F8-4FEA-B285-FE9C5CE9D29B}.Debug|Any CPU.Build.0 = Debug|Any CPU
		{FFF7AA14-59F8-4FEA-B285-FE9C5CE9D29B}.Release|Any CPU.ActiveCfg = Release|Any CPU
		{FFF7AA14-59F8-4FEA-B285-FE9C5CE9D29B}.Release|Any CPU.Build.0 = Release|Any CPU
	EndGlobalSection
	GlobalSection(SolutionProperties) = preSolution
		HideSolutionNode = FALSE
	EndGlobalSection
	GlobalSection(ExtensibilityGlobals) = postSolution
		SolutionGuid = {77CF5A28-8C3D-4D9F-ABFB-687C4BDF050A}
	EndGlobalSection
EndGlobal
